
Microsoft Visual Studio Solution File, Format Version 12.00
# Visual Studio 15
VisualStudioVersion = 15.0.28010.2048
MinimumVisualStudioVersion = 10.0.40219.1
Project("{FAE04EC0-301F-11D3-BF4B-00C04F79EFBC}") = "Test", "Test\Test.csproj", "{177FADC7-4F22-43EC-91B1-E7CBFF93C681}"
EndProject
Global
	GlobalSection(SolutionConfigurationPlatforms) = preSolution
		Debug|Any CPU = Debug|Any CPU
		Release|Any CPU = Release|Any CPU
	EndGlobalSection
	GlobalSection(ProjectConfigurationPlatforms) = postSolution
		{177FADC7-4F22-43EC-91B1-E7CBFF93C681}.Debug|Any CPU.ActiveCfg = Debug|Any CPU
		{177FADC7-4F22-43EC-91B1-E7CBFF93C681}.Debug|Any CPU.Build.0 = Debug|Any CPU
		{177FADC7-4F22-43EC-91B1-E7CBFF93C681}.Release|Any CPU.ActiveCfg = Release|Any CPU
		{177FADC7-4F22-43EC-91B1-E7CBFF93C681}.Release|Any CPU.Build.0 = Release|Any CPU
	EndGlobalSection
	GlobalSection(SolutionProperties) = preSolution
		HideSolutionNode = FALSE
	EndGlobalSection
	GlobalSection(ExtensibilityGlobals) = postSolution
		SolutionGuid = {E2A3AB48-1115-4175-AEFF-D007D52CEBAC}
	EndGlobalSection
EndGlobal
